
Microsoft Visual Studio Solution File, Format Version 12.00
# Visual Studio Version 17
VisualStudioVersion = 17.9.34728.123
MinimumVisualStudioVersion = 10.0.40219.1
Project("{FAE04EC0-301F-11D3-BF4B-00C04F79EFBC}") = "TestRentHouse", "TestRentHouse\TestRentHouse.csproj", "{B9493D2A-39CE-4D36-A2B3-47ED436C07F9}"
EndProject
Global
	GlobalSection(SolutionConfigurationPlatforms) = preSolution
		Debug|Any CPU = Debug|Any CPU
		Release|Any CPU = Release|Any CPU
	EndGlobalSection
	GlobalSection(ProjectConfigurationPlatforms) = postSolution
		{B9493D2A-39CE-4D36-A2B3-47ED436C07F9}.Debug|Any CPU.ActiveCfg = Debug|Any CPU
		{B9493D2A-39CE-4D36-A2B3-47ED436C07F9}.Debug|Any CPU.Build.0 = Debug|Any CPU
		{B9493D2A-39CE-4D36-A2B3-47ED436C07F9}.Release|Any CPU.ActiveCfg = Release|Any CPU
		{B9493D2A-39CE-4D36-A2B3-47ED436C07F9}.Release|Any CPU.Build.0 = Release|Any CPU
	EndGlobalSection
	GlobalSection(SolutionProperties) = preSolution
		HideSolutionNode = FALSE
	EndGlobalSection
	GlobalSection(ExtensibilityGlobals) = postSolution
		SolutionGuid = {AC383639-62C7-4B4E-8AF9-A5A797407A66}
	EndGlobalSection
EndGlobal
